<?xml version="1.0" encoding="utf-8"?>
<Project ToolsVersion="4.0" xmlns="http://schemas.microsoft.com/developer/msbuild/2003">
  <ItemGroup>
    <Filter Include="Source Files">
      <UniqueIdentifier>{4FC737F1-C7A5-4376-A066-2A32D752A2FF}</UniqueIdentifier>
      <Extensions>cpp;c;cc;cxx;c++;cppm;ixx;def;odl;idl;hpj;bat;asm;asmx</Extensions>
    </Filter>
    <Filter Include="Header Files">
      <UniqueIdentifier>{93995380-89BD-4b04-88EB-625FBE52EBFB}</UniqueIdentifier>
      <Extensions>h;hh;hpp;hxx;h++;hm;inl;inc;ipp;xsd</Extensions>
    </Filter>
    <Filter Include="Resource Files">
      <UniqueIdentifier>{67DA6AB6-F800-4c08-8B7A-83BB121AAD01}</UniqueIdentifier>
      <Extensions>rc;ico;cur;bmp;dlg;rc2;rct;bin;rgs;gif;jpg;jpeg;jpe;resx;tiff;tif;png;wav;mfcribbon-ms</Extensions>
    </Filter>
    <Filter Include="Core">
      <UniqueIdentifier>{103923ee-e980-4bef-9a9a-ce25c59e8a9f}</UniqueIdentifier>
    </Filter>
    <Filter Include="Resource Files\Shaders">
      <UniqueIdentifier>{ee64c9b3-20b8-4942-80b3-5fb5943f9e62}</UniqueIdentifier>
    </Filter>
    <Filter Include="Source Files\Editor">
      <UniqueIdentifier>{c5196f1a-f507-4f18-a2cd-6f542fac4466}</UniqueIdentifier>
    </Filter>
    <Filter Include="Header Files\Editor">
      <UniqueIdentifier>{95e6e666-3547-4479-98d3-eb9a796e2ee9}</UniqueIdentifier>
    </Filter>
  </ItemGroup>
  <ItemGroup>
    <ClCompile Include="main.cpp">
      <Filter>Source Files</Filter>
    </ClCompile>
    <ClCompile Include="Monitor.cpp">
      <Filter>Source Files</Filter>
    </ClCompile>
    <ClCompile Include="src\Mesh.cpp">
      <Filter>Source Files</Filter>
    </ClCompile>
    <ClCompile Include="src\Graphics\GLVertexArray.cpp">
      <Filter>Source Files</Filter>
    </ClCompile>
    <ClCompile Include="src\Model.cpp">
      <Filter>Source Files</Filter>
    </ClCompile>
    <ClCompile Include="src\ResourceManager.cpp">
      <Filter>Source Files</Filter>
    </ClCompile>
    <ClCompile Include="src\PBRMaterial.cpp">
      <Filter>Source Files</Filter>
    </ClCompile>
    <ClCompile Include="src\Engine.cpp">
      <Filter>Source Files</Filter>
    </ClCompile>
    <ClCompile Include="src\SceneBase.cpp">
      <Filter>Source Files</Filter>
    </ClCompile>
    <ClCompile Include="src\Demos\Demo.cpp">
      <Filter>Source Files</Filter>
    </ClCompile>
    <ClCompile Include="src\Graphics\GLFrameBuffer.cpp">
      <Filter>Source Files</Filter>
    </ClCompile>
    <ClCompile Include="src\SkyBox.cpp">
      <Filter>Source Files</Filter>
    </ClCompile>
    <ClCompile Include="src\Graphics\GLShaderProgram.cpp">
      <Filter>Source Files</Filter>
    </ClCompile>
    <ClCompile Include="src\Graphics\GLShaderProgramFactory.cpp">
      <Filter>Source Files</Filter>
    </ClCompile>
    <ClCompile Include="src\Camera.cpp">
      <Filter>Source Files</Filter>
    </ClCompile>
    <ClCompile Include="ext\glad\include\glad\glad.c">
      <Filter>Source Files</Filter>
    </ClCompile>
    <ClCompile Include="ext\pugixml\pugixml.cpp">
      <Filter>Source Files</Filter>
    </ClCompile>
    <ClCompile Include="src\Vertex.cpp">
      <Filter>Source Files</Filter>
    </ClCompile>
    <ClCompile Include="src\ViewFrustum.cpp">
      <Filter>Source Files</Filter>
    </ClCompile>
    <ClCompile Include="src\AABB.cpp">
      <Filter>Source Files</Filter>
    </ClCompile>
    <ClCompile Include="ext\fmt\src\format.cc">
      <Filter>Source Files</Filter>
    </ClCompile>
    <ClCompile Include="src\core\GUISystem.cpp">
      <Filter>Core</Filter>
    </ClCompile>
    <ClCompile Include="src\core\WindowSystem.cpp">
      <Filter>Core</Filter>
    </ClCompile>
    <ClCompile Include="src\core\RenderSystem.cpp">
      <Filter>Core</Filter>
    </ClCompile>
    <ClCompile Include="DebugUtility.cpp">
      <Filter>Source Files</Filter>
    </ClCompile>
    <ClCompile Include="src\Editor\Editor.cpp">
      <Filter>Source Files\Editor</Filter>
    </ClCompile>
  </ItemGroup>
  <ItemGroup>
    <ClInclude Include="Shader.h">
      <Filter>Header Files</Filter>
    </ClInclude>
    <ClInclude Include="src\Camera.h">
      <Filter>Header Files</Filter>
    </ClInclude>
    <ClInclude Include="Monitor.h">
      <Filter>Header Files</Filter>
    </ClInclude>
    <ClInclude Include="stb_image.h">
      <Filter>Header Files</Filter>
    </ClInclude>
    <ClInclude Include="tiny_obj_loader.h">
      <Filter>Header Files</Filter>
    </ClInclude>
    <ClInclude Include="src\Vertex.h">
      <Filter>Header Files</Filter>
    </ClInclude>
    <ClInclude Include="src\core\glm-wrapper.h">
      <Filter>Header Files</Filter>
    </ClInclude>
    <ClInclude Include="src\Mesh.h">
      <Filter>Header Files</Filter>
    </ClInclude>
    <ClInclude Include="src\Graphics\GLVertexArray.h">
      <Filter>Header Files</Filter>
    </ClInclude>
    <ClInclude Include="src\Model.h">
      <Filter>Header Files</Filter>
    </ClInclude>
    <ClInclude Include="src\ResourceManager.h">
      <Filter>Header Files</Filter>
    </ClInclude>
    <ClInclude Include="src\PBRMaterial.h">
      <Filter>Header Files</Filter>
    </ClInclude>
    <ClInclude Include="src\Engine.h">
      <Filter>Header Files</Filter>
    </ClInclude>
    <ClInclude Include="src\SceneBase.h">
      <Filter>Header Files</Filter>
    </ClInclude>
    <ClInclude Include="src\Utils.h">
      <Filter>Header Files</Filter>
    </ClInclude>
    <ClInclude Include="src\Input.h">
      <Filter>Header Files</Filter>
    </ClInclude>
    <ClInclude Include="src\Timer.h">
      <Filter>Header Files</Filter>
    </ClInclude>
    <ClInclude Include="src\FrameStats.h">
      <Filter>Header Files</Filter>
    </ClInclude>
    <ClInclude Include="src\Platform\Platform.h">
      <Filter>Header Files</Filter>
    </ClInclude>
    <ClInclude Include="src\Demos\Demo.h">
      <Filter>Header Files</Filter>
    </ClInclude>
    <ClInclude Include="src\Graphics\GLFrameBuffer.h">
      <Filter>Header Files</Filter>
    </ClInclude>
    <ClInclude Include="src\Graphics\HardwareCaps.h">
      <Filter>Header Files</Filter>
    </ClInclude>
    <ClInclude Include="src\Skybox.h">
      <Filter>Header Files</Filter>
    </ClInclude>
    <ClInclude Include="src\Graphics\GLShaderProgramFactory.h">
      <Filter>Header Files</Filter>
    </ClInclude>
    <ClInclude Include="src\Graphics\GLShaderProgram.h">
      <Filter>Header Files</Filter>
    </ClInclude>
    <ClInclude Include="src\Graphics\ShaderStage.h">
      <Filter>Header Files</Filter>
    </ClInclude>
    <ClInclude Include="src\Graphics\StaticDirectionalLight.h">
      <Filter>Header Files</Filter>
    </ClInclude>
    <ClInclude Include="src\Graphics\StaticPointLight.h">
      <Filter>Header Files</Filter>
    </ClInclude>
    <ClInclude Include="src\Graphics\StaticSpotLight.h">
      <Filter>Header Files</Filter>
    </ClInclude>
    <ClInclude Include="src\ViewFrustum.h">
      <Filter>Header Files</Filter>
    </ClInclude>
    <ClInclude Include="src\BoundingVolume.h">
      <Filter>Header Files</Filter>
    </ClInclude>
    <ClInclude Include="src\AABB.h">
      <Filter>Header Files</Filter>
    </ClInclude>
    <ClInclude Include="src\core\WindowSystem.h">
      <Filter>Core</Filter>
    </ClInclude>
    <ClInclude Include="src\core\RenderSystem.h">
      <Filter>Core</Filter>
    </ClInclude>
    <ClInclude Include="src\core\GUISystem.h">
      <Filter>Core</Filter>
    </ClInclude>
    <ClInclude Include="resource.h">
      <Filter>Header Files</Filter>
    </ClInclude>
    <ClInclude Include="DebugUtility.h">
      <Filter>Header Files</Filter>
    </ClInclude>
    <ClInclude Include="stdafx.h">
      <Filter>Header Files</Filter>
    </ClInclude>
    <ClInclude Include="src\Editor\Editor.h">
      <Filter>Header Files\Editor</Filter>
    </ClInclude>
  </ItemGroup>
  <ItemGroup>
    <Xml Include="Data\config.xml">
      <Filter>Resource Files</Filter>
    </Xml>
    <Xml Include="Example.xml">
      <Filter>Resource Files</Filter>
    </Xml>
  </ItemGroup>
  <ItemGroup>
    <None Include="Data\Shaders\basic.fs">
      <Filter>Resource Files\Shaders</Filter>
    </None>
    <None Include="Data\Shaders\basic.vs">
      <Filter>Resource Files\Shaders</Filter>
    </None>
    <None Include="Data\Shaders\deferred_light_box.fs">
      <Filter>Resource Files\Shaders</Filter>
    </None>
    <None Include="Data\Shaders\deferred_light_box.vs">
      <Filter>Resource Files\Shaders</Filter>
    </None>
    <None Include="Data\Shaders\deferred_shading.fs">
      <Filter>Resource Files\Shaders</Filter>
    </None>
    <None Include="Data\Shaders\deferred_shading.vs">
      <Filter>Resource Files\Shaders</Filter>
    </None>
    <None Include="Data\Shaders\g_buffer.fs">
      <Filter>Resource Files\Shaders</Filter>
    </None>
    <None Include="Data\Shaders\g_buffer.vs">
      <Filter>Resource Files\Shaders</Filter>
    </None>
    <None Include="Data\Shaders\shadowShader.fs">
      <Filter>Resource Files\Shaders</Filter>
    </None>
    <None Include="Data\Shaders\shadowShader.gs">
      <Filter>Resource Files\Shaders</Filter>
    </None>
    <None Include="Data\Shaders\shadowShader.vs">
      <Filter>Resource Files\Shaders</Filter>
    </None>
    <None Include="Data\Shaders\ssao_lighting.fs">
      <Filter>Resource Files\Shaders</Filter>
    </None>
    <None Include="Data\Shaders\ssao.vs">
      <Filter>Resource Files\Shaders</Filter>
    </None>
    <None Include="Data\Shaders\ssao.fs">
      <Filter>Resource Files\Shaders</Filter>
    </None>
    <None Include="Data\Shaders\ssao_geometry.fs">
      <Filter>Resource Files\Shaders</Filter>
    </None>
    <None Include="Data\Shaders\ssao_geometry.vs">
      <Filter>Resource Files\Shaders</Filter>
    </None>
    <None Include="Data\Shaders\forward_renderer.vs">
      <Filter>Resource Files\Shaders</Filter>
    </None>
    <None Include="Data\Shaders\forward_renderer.fs">
      <Filter>Resource Files\Shaders</Filter>
    </None>
    <None Include="Data\Shaders\directional_shadow_mapping.fs">
      <Filter>Resource Files\Shaders</Filter>
    </None>
    <None Include="Data\Shaders\directional_shadow_mapping.vs">
      <Filter>Resource Files\Shaders</Filter>
    </None>
    <None Include="Data\Shaders\bounding_box.fs">
      <Filter>Resource Files\Shaders</Filter>
    </None>
    <None Include="Data\Shaders\bounding_box.vs">
      <Filter>Resource Files\Shaders</Filter>
    </None>
  </ItemGroup>
</Project>